// !$*UTF8*$!
{
	archiveVersion = 1;
	classes = {
	};
	objectVersion = 46;
	objects = {

/* Begin PBXBuildFile section */
		7E42D4AD1866A308003376DB /* SearchViewControllerNew.m in Sources */ = {isa = PBXBuildFile; fileRef = 7E42D4AB1866A308003376DB /* SearchViewControllerNew.m */; };
		7E42D4AE1866A308003376DB /* SearchViewControllerNew.xib in Resources */ = {isa = PBXBuildFile; fileRef = 7E42D4AC1866A308003376DB /* SearchViewControllerNew.xib */; };
		7E442BE1185D543B00C516EE /* Driveway.jpg in Resources */ = {isa = PBXBuildFile; fileRef = 7E442BE0185D543B00C516EE /* Driveway.jpg */; };
		7E442BE3185D5E2000C516EE /* lightGreyTexture.jpg in Resources */ = {isa = PBXBuildFile; fileRef = 7E442BE2185D5E2000C516EE /* lightGreyTexture.jpg */; };
		7E442BE5185D64AB00C516EE /* parq_logo.png in Resources */ = {isa = PBXBuildFile; fileRef = 7E442BE4185D64AB00C516EE /* parq_logo.png */; };
		7E442BE7185D677500C516EE /* parq_logo_2.png in Resources */ = {isa = PBXBuildFile; fileRef = 7E442BE6185D677500C516EE /* parq_logo_2.png */; };
		7E4CE7DE186104470089E227 /* Justin.jpg in Resources */ = {isa = PBXBuildFile; fileRef = 7E4CE7DC186104470089E227 /* Justin.jpg */; };
		7E4CE7DF186104470089E227 /* Yen.jpg in Resources */ = {isa = PBXBuildFile; fileRef = 7E4CE7DD186104470089E227 /* Yen.jpg */; };
		7E4CE7E41861083F0089E227 /* Maria.jpg in Resources */ = {isa = PBXBuildFile; fileRef = 7E4CE7E01861083F0089E227 /* Maria.jpg */; };
		7E4CE7E51861083F0089E227 /* Mckenzie.jpg in Resources */ = {isa = PBXBuildFile; fileRef = 7E4CE7E11861083F0089E227 /* Mckenzie.jpg */; };
		7E4CE7E61861083F0089E227 /* Ben.jpg in Resources */ = {isa = PBXBuildFile; fileRef = 7E4CE7E21861083F0089E227 /* Ben.jpg */; };
		7E4CE7E71861083F0089E227 /* Fui.jpg in Resources */ = {isa = PBXBuildFile; fileRef = 7E4CE7E31861083F0089E227 /* Fui.jpg */; };
		7E563F3A185FD689009FDE8D /* texture1.jpg in Resources */ = {isa = PBXBuildFile; fileRef = 7E563F37185FD689009FDE8D /* texture1.jpg */; };
		7E563F3E185FD7AA009FDE8D /* icon-garage1.png in Resources */ = {isa = PBXBuildFile; fileRef = 7E563F3D185FD7AA009FDE8D /* icon-garage1.png */; };
		7E563F40185FFF1C009FDE8D /* location.png in Resources */ = {isa = PBXBuildFile; fileRef = 7E563F3F185FFF1C009FDE8D /* location.png */; };
		7E6A3C7618C81AFE00BBCC7D /* ReserveConfirmationPage.m in Sources */ = {isa = PBXBuildFile; fileRef = 7E6A3C7418C81AFE00BBCC7D /* ReserveConfirmationPage.m */; };
		7E6A3C7718C81AFE00BBCC7D /* ReserveConfirmationPage.xib in Resources */ = {isa = PBXBuildFile; fileRef = 7E6A3C7518C81AFE00BBCC7D /* ReserveConfirmationPage.xib */; };
		7E6A3C7E18C81F6E00BBCC7D /* Checkmark.png in Resources */ = {isa = PBXBuildFile; fileRef = 7E6A3C7D18C81F6E00BBCC7D /* Checkmark.png */; };
		7E7BA21D190762AC0014F06F /* FacebookSDK.framework in Frameworks */ = {isa = PBXBuildFile; fileRef = 7E7BA21C190762AC0014F06F /* FacebookSDK.framework */; };
		7EAA3EA6185978EB002DB255 /* Foundation.framework in Frameworks */ = {isa = PBXBuildFile; fileRef = 7EAA3EA5185978EB002DB255 /* Foundation.framework */; };
		7EAA3EA8185978EB002DB255 /* CoreGraphics.framework in Frameworks */ = {isa = PBXBuildFile; fileRef = 7EAA3EA7185978EB002DB255 /* CoreGraphics.framework */; };
		7EAA3EAA185978EB002DB255 /* UIKit.framework in Frameworks */ = {isa = PBXBuildFile; fileRef = 7EAA3EA9185978EB002DB255 /* UIKit.framework */; };
		7EAA3EB0185978EB002DB255 /* InfoPlist.strings in Resources */ = {isa = PBXBuildFile; fileRef = 7EAA3EAE185978EB002DB255 /* InfoPlist.strings */; };
		7EAA3EB2185978EB002DB255 /* main.m in Sources */ = {isa = PBXBuildFile; fileRef = 7EAA3EB1185978EB002DB255 /* main.m */; };
		7EAA3EB8185978EB002DB255 /* Images.xcassets in Resources */ = {isa = PBXBuildFile; fileRef = 7EAA3EB7185978EB002DB255 /* Images.xcassets */; };
		7EAA3EBF185978EB002DB255 /* XCTest.framework in Frameworks */ = {isa = PBXBuildFile; fileRef = 7EAA3EBE185978EB002DB255 /* XCTest.framework */; };
		7EAA3EC0185978EB002DB255 /* Foundation.framework in Frameworks */ = {isa = PBXBuildFile; fileRef = 7EAA3EA5185978EB002DB255 /* Foundation.framework */; };
		7EAA3EC1185978EB002DB255 /* UIKit.framework in Frameworks */ = {isa = PBXBuildFile; fileRef = 7EAA3EA9185978EB002DB255 /* UIKit.framework */; };
		7EAA3EC9185978EB002DB255 /* InfoPlist.strings in Resources */ = {isa = PBXBuildFile; fileRef = 7EAA3EC7185978EB002DB255 /* InfoPlist.strings */; };
		7EAA3ECB185978EB002DB255 /* parqV1Tests.m in Sources */ = {isa = PBXBuildFile; fileRef = 7EAA3ECA185978EB002DB255 /* parqV1Tests.m */; };
		7EAA3ED7185979D6002DB255 /* AddParkingSpotController.m in Sources */ = {isa = PBXBuildFile; fileRef = 7EAA3ED5185979D6002DB255 /* AddParkingSpotController.m */; };
		7EAA3ED8185979D6002DB255 /* AddParkingSpotController.xib in Resources */ = {isa = PBXBuildFile; fileRef = 7EAA3ED6185979D6002DB255 /* AddParkingSpotController.xib */; };
		7EAA3EDE18597A50002DB255 /* MapPin.m in Sources */ = {isa = PBXBuildFile; fileRef = 7EAA3EDA18597A50002DB255 /* MapPin.m */; };
		7EAA3EDF18597A50002DB255 /* MapViewController.m in Sources */ = {isa = PBXBuildFile; fileRef = 7EAA3EDC18597A50002DB255 /* MapViewController.m */; };
		7EAA3EE018597A50002DB255 /* MapViewController.xib in Resources */ = {isa = PBXBuildFile; fileRef = 7EAA3EDD18597A50002DB255 /* MapViewController.xib */; };
		7EAA3EE218597AB1002DB255 /* CoreLocation.framework in Frameworks */ = {isa = PBXBuildFile; fileRef = 7EAA3EE118597AB1002DB255 /* CoreLocation.framework */; };
		7EAA3EE418597ABE002DB255 /* MapKit.framework in Frameworks */ = {isa = PBXBuildFile; fileRef = 7EAA3EE318597ABE002DB255 /* MapKit.framework */; };
		7EAA3EE918597CCA002DB255 /* DJ.jpg in Resources */ = {isa = PBXBuildFile; fileRef = 7EAA3EE818597CCA002DB255 /* DJ.jpg */; };
		7EAA3F0918599B6C002DB255 /* AppDelegate.m in Sources */ = {isa = PBXBuildFile; fileRef = 7EAA3F0818599B6C002DB255 /* AppDelegate.m */; };
		7EAA3F0D1859A0AC002DB255 /* House.png in Resources */ = {isa = PBXBuildFile; fileRef = 7EAA3F0C1859A0AC002DB255 /* House.png */; };
		7EAA3F111859A3A3002DB255 /* ReserveSpotController.m in Sources */ = {isa = PBXBuildFile; fileRef = 7EAA3F0F1859A3A2002DB255 /* ReserveSpotController.m */; };
		7EAA3F121859A3A3002DB255 /* ReserveSpotController.xib in Resources */ = {isa = PBXBuildFile; fileRef = 7EAA3F101859A3A3002DB255 /* ReserveSpotController.xib */; };
		7EDB25C91905C3A6004868FC /* PQUser.m in Sources */ = {isa = PBXBuildFile; fileRef = 7EDB25C81905C3A6004868FC /* PQUser.m */; };
		7EDB25CD1905D3FE004868FC /* PQSignUpViewController.m in Sources */ = {isa = PBXBuildFile; fileRef = 7EDB25CB1905D3FE004868FC /* PQSignUpViewController.m */; };
		7EDB25CE1905D3FE004868FC /* PQSignUpViewController.xib in Resources */ = {isa = PBXBuildFile; fileRef = 7EDB25CC1905D3FE004868FC /* PQSignUpViewController.xib */; };
/* End PBXBuildFile section */

/* Begin PBXContainerItemProxy section */
		7EAA3EC2185978EB002DB255 /* PBXContainerItemProxy */ = {
			isa = PBXContainerItemProxy;
			containerPortal = 7EAA3E9A185978EA002DB255 /* Project object */;
			proxyType = 1;
			remoteGlobalIDString = 7EAA3EA1185978EB002DB255;
			remoteInfo = parqV1;
		};
/* End PBXContainerItemProxy section */

/* Begin PBXFileReference section */
		7E42D4AA1866A308003376DB /* SearchViewControllerNew.h */ = {isa = PBXFileReference; fileEncoding = 4; lastKnownFileType = sourcecode.c.h; path = SearchViewControllerNew.h; sourceTree = "<group>"; };
		7E42D4AB1866A308003376DB /* SearchViewControllerNew.m */ = {isa = PBXFileReference; fileEncoding = 4; lastKnownFileType = sourcecode.c.objc; path = SearchViewControllerNew.m; sourceTree = "<group>"; };
		7E42D4AC1866A308003376DB /* SearchViewControllerNew.xib */ = {isa = PBXFileReference; fileEncoding = 4; lastKnownFileType = file.xib; path = SearchViewControllerNew.xib; sourceTree = "<group>"; };
		7E442BE0185D543B00C516EE /* Driveway.jpg */ = {isa = PBXFileReference; lastKnownFileType = image.jpeg; path = Driveway.jpg; sourceTree = "<group>"; };
		7E442BE2185D5E2000C516EE /* lightGreyTexture.jpg */ = {isa = PBXFileReference; lastKnownFileType = image.jpeg; path = lightGreyTexture.jpg; sourceTree = "<group>"; };
		7E442BE4185D64AB00C516EE /* parq_logo.png */ = {isa = PBXFileReference; lastKnownFileType = image.png; path = parq_logo.png; sourceTree = "<group>"; };
		7E442BE6185D677500C516EE /* parq_logo_2.png */ = {isa = PBXFileReference; lastKnownFileType = image.png; path = parq_logo_2.png; sourceTree = "<group>"; };
		7E4CE7DC186104470089E227 /* Justin.jpg */ = {isa = PBXFileReference; lastKnownFileType = image.jpeg; path = Justin.jpg; sourceTree = "<group>"; };
		7E4CE7DD186104470089E227 /* Yen.jpg */ = {isa = PBXFileReference; lastKnownFileType = image.jpeg; path = Yen.jpg; sourceTree = "<group>"; };
		7E4CE7E01861083F0089E227 /* Maria.jpg */ = {isa = PBXFileReference; lastKnownFileType = image.jpeg; path = Maria.jpg; sourceTree = "<group>"; };
		7E4CE7E11861083F0089E227 /* Mckenzie.jpg */ = {isa = PBXFileReference; lastKnownFileType = image.jpeg; path = Mckenzie.jpg; sourceTree = "<group>"; };
		7E4CE7E21861083F0089E227 /* Ben.jpg */ = {isa = PBXFileReference; lastKnownFileType = image.jpeg; path = Ben.jpg; sourceTree = "<group>"; };
		7E4CE7E31861083F0089E227 /* Fui.jpg */ = {isa = PBXFileReference; lastKnownFileType = image.jpeg; path = Fui.jpg; sourceTree = "<group>"; };
		7E563F37185FD689009FDE8D /* texture1.jpg */ = {isa = PBXFileReference; lastKnownFileType = image.jpeg; path = texture1.jpg; sourceTree = "<group>"; };
		7E563F3D185FD7AA009FDE8D /* icon-garage1.png */ = {isa = PBXFileReference; lastKnownFileType = image.png; path = "icon-garage1.png"; sourceTree = "<group>"; };
		7E563F3F185FFF1C009FDE8D /* location.png */ = {isa = PBXFileReference; lastKnownFileType = image.png; path = location.png; sourceTree = "<group>"; };
		7E6A3C7318C81AFE00BBCC7D /* ReserveConfirmationPage.h */ = {isa = PBXFileReference; fileEncoding = 4; lastKnownFileType = sourcecode.c.h; path = ReserveConfirmationPage.h; sourceTree = "<group>"; };
		7E6A3C7418C81AFE00BBCC7D /* ReserveConfirmationPage.m */ = {isa = PBXFileReference; fileEncoding = 4; lastKnownFileType = sourcecode.c.objc; path = ReserveConfirmationPage.m; sourceTree = "<group>"; };
		7E6A3C7518C81AFE00BBCC7D /* ReserveConfirmationPage.xib */ = {isa = PBXFileReference; fileEncoding = 4; lastKnownFileType = file.xib; path = ReserveConfirmationPage.xib; sourceTree = "<group>"; };
		7E6A3C7D18C81F6E00BBCC7D /* Checkmark.png */ = {isa = PBXFileReference; lastKnownFileType = image.png; path = Checkmark.png; sourceTree = "<group>"; };
		7E7BA21C190762AC0014F06F /* FacebookSDK.framework */ = {isa = PBXFileReference; lastKnownFileType = wrapper.framework; path = FacebookSDK.framework; sourceTree = "<group>"; };
		7EAA3EA2185978EB002DB255 /* parqV1.app */ = {isa = PBXFileReference; explicitFileType = wrapper.application; includeInIndex = 0; path = parqV1.app; sourceTree = BUILT_PRODUCTS_DIR; };
		7EAA3EA5185978EB002DB255 /* Foundation.framework */ = {isa = PBXFileReference; lastKnownFileType = wrapper.framework; name = Foundation.framework; path = System/Library/Frameworks/Foundation.framework; sourceTree = SDKROOT; };
		7EAA3EA7185978EB002DB255 /* CoreGraphics.framework */ = {isa = PBXFileReference; lastKnownFileType = wrapper.framework; name = CoreGraphics.framework; path = System/Library/Frameworks/CoreGraphics.framework; sourceTree = SDKROOT; };
		7EAA3EA9185978EB002DB255 /* UIKit.framework */ = {isa = PBXFileReference; lastKnownFileType = wrapper.framework; name = UIKit.framework; path = System/Library/Frameworks/UIKit.framework; sourceTree = SDKROOT; };
		7EAA3EAD185978EB002DB255 /* parqV1-Info.plist */ = {isa = PBXFileReference; lastKnownFileType = text.plist.xml; path = "parqV1-Info.plist"; sourceTree = "<group>"; };
		7EAA3EAF185978EB002DB255 /* en */ = {isa = PBXFileReference; lastKnownFileType = text.plist.strings; name = en; path = en.lproj/InfoPlist.strings; sourceTree = "<group>"; };
		7EAA3EB1185978EB002DB255 /* main.m */ = {isa = PBXFileReference; lastKnownFileType = sourcecode.c.objc; path = main.m; sourceTree = "<group>"; };
		7EAA3EB3185978EB002DB255 /* parqV1-Prefix.pch */ = {isa = PBXFileReference; lastKnownFileType = sourcecode.c.h; path = "parqV1-Prefix.pch"; sourceTree = "<group>"; };
		7EAA3EB7185978EB002DB255 /* Images.xcassets */ = {isa = PBXFileReference; lastKnownFileType = folder.assetcatalog; path = Images.xcassets; sourceTree = "<group>"; };
		7EAA3EBD185978EB002DB255 /* parqV1Tests.xctest */ = {isa = PBXFileReference; explicitFileType = wrapper.cfbundle; includeInIndex = 0; path = parqV1Tests.xctest; sourceTree = BUILT_PRODUCTS_DIR; };
		7EAA3EBE185978EB002DB255 /* XCTest.framework */ = {isa = PBXFileReference; lastKnownFileType = wrapper.framework; name = XCTest.framework; path = Library/Frameworks/XCTest.framework; sourceTree = DEVELOPER_DIR; };
		7EAA3EC6185978EB002DB255 /* parqV1Tests-Info.plist */ = {isa = PBXFileReference; lastKnownFileType = text.plist.xml; path = "parqV1Tests-Info.plist"; sourceTree = "<group>"; };
		7EAA3EC8185978EB002DB255 /* en */ = {isa = PBXFileReference; lastKnownFileType = text.plist.strings; name = en; path = en.lproj/InfoPlist.strings; sourceTree = "<group>"; };
		7EAA3ECA185978EB002DB255 /* parqV1Tests.m */ = {isa = PBXFileReference; lastKnownFileType = sourcecode.c.objc; path = parqV1Tests.m; sourceTree = "<group>"; };
		7EAA3ED4185979D6002DB255 /* AddParkingSpotController.h */ = {isa = PBXFileReference; fileEncoding = 4; lastKnownFileType = sourcecode.c.h; path = AddParkingSpotController.h; sourceTree = "<group>"; };
		7EAA3ED5185979D6002DB255 /* AddParkingSpotController.m */ = {isa = PBXFileReference; fileEncoding = 4; lastKnownFileType = sourcecode.c.objc; path = AddParkingSpotController.m; sourceTree = "<group>"; };
		7EAA3ED6185979D6002DB255 /* AddParkingSpotController.xib */ = {isa = PBXFileReference; fileEncoding = 4; lastKnownFileType = file.xib; path = AddParkingSpotController.xib; sourceTree = "<group>"; };
		7EAA3ED918597A3E002DB255 /* MapPin.h */ = {isa = PBXFileReference; fileEncoding = 4; lastKnownFileType = sourcecode.c.h; path = MapPin.h; sourceTree = "<group>"; };
		7EAA3EDA18597A50002DB255 /* MapPin.m */ = {isa = PBXFileReference; fileEncoding = 4; lastKnownFileType = sourcecode.c.objc; path = MapPin.m; sourceTree = "<group>"; };
		7EAA3EDB18597A50002DB255 /* MapViewController.h */ = {isa = PBXFileReference; fileEncoding = 4; lastKnownFileType = sourcecode.c.h; path = MapViewController.h; sourceTree = "<group>"; };
		7EAA3EDC18597A50002DB255 /* MapViewController.m */ = {isa = PBXFileReference; fileEncoding = 4; lastKnownFileType = sourcecode.c.objc; path = MapViewController.m; sourceTree = "<group>"; };
		7EAA3EDD18597A50002DB255 /* MapViewController.xib */ = {isa = PBXFileReference; fileEncoding = 4; lastKnownFileType = file.xib; path = MapViewController.xib; sourceTree = "<group>"; };
		7EAA3EE118597AB1002DB255 /* CoreLocation.framework */ = {isa = PBXFileReference; lastKnownFileType = wrapper.framework; name = CoreLocation.framework; path = System/Library/Frameworks/CoreLocation.framework; sourceTree = SDKROOT; };
		7EAA3EE318597ABE002DB255 /* MapKit.framework */ = {isa = PBXFileReference; lastKnownFileType = wrapper.framework; name = MapKit.framework; path = System/Library/Frameworks/MapKit.framework; sourceTree = SDKROOT; };
		7EAA3EE818597CCA002DB255 /* DJ.jpg */ = {isa = PBXFileReference; lastKnownFileType = image.jpeg; path = DJ.jpg; sourceTree = "<group>"; };
		7EAA3F0718599B6C002DB255 /* AppDelegate.h */ = {isa = PBXFileReference; fileEncoding = 4; lastKnownFileType = sourcecode.c.h; path = AppDelegate.h; sourceTree = "<group>"; };
		7EAA3F0818599B6C002DB255 /* AppDelegate.m */ = {isa = PBXFileReference; fileEncoding = 4; lastKnownFileType = sourcecode.c.objc; path = AppDelegate.m; sourceTree = "<group>"; };
		7EAA3F0C1859A0AC002DB255 /* House.png */ = {isa = PBXFileReference; lastKnownFileType = image.png; path = House.png; sourceTree = "<group>"; };
		7EAA3F0E1859A3A2002DB255 /* ReserveSpotController.h */ = {isa = PBXFileReference; fileEncoding = 4; lastKnownFileType = sourcecode.c.h; path = ReserveSpotController.h; sourceTree = "<group>"; };
		7EAA3F0F1859A3A2002DB255 /* ReserveSpotController.m */ = {isa = PBXFileReference; fileEncoding = 4; lastKnownFileType = sourcecode.c.objc; path = ReserveSpotController.m; sourceTree = "<group>"; };
		7EAA3F101859A3A3002DB255 /* ReserveSpotController.xib */ = {isa = PBXFileReference; fileEncoding = 4; lastKnownFileType = file.xib; path = ReserveSpotController.xib; sourceTree = "<group>"; };
		7EDB25C71905C3A6004868FC /* PQUser.h */ = {isa = PBXFileReference; fileEncoding = 4; lastKnownFileType = sourcecode.c.h; path = PQUser.h; sourceTree = "<group>"; };
		7EDB25C81905C3A6004868FC /* PQUser.m */ = {isa = PBXFileReference; fileEncoding = 4; lastKnownFileType = sourcecode.c.objc; path = PQUser.m; sourceTree = "<group>"; };
		7EDB25CA1905D3FE004868FC /* PQSignUpViewController.h */ = {isa = PBXFileReference; fileEncoding = 4; lastKnownFileType = sourcecode.c.h; path = PQSignUpViewController.h; sourceTree = "<group>"; };
		7EDB25CB1905D3FE004868FC /* PQSignUpViewController.m */ = {isa = PBXFileReference; fileEncoding = 4; lastKnownFileType = sourcecode.c.objc; path = PQSignUpViewController.m; sourceTree = "<group>"; };
		7EDB25CC1905D3FE004868FC /* PQSignUpViewController.xib */ = {isa = PBXFileReference; fileEncoding = 4; lastKnownFileType = file.xib; path = PQSignUpViewController.xib; sourceTree = "<group>"; };
/* End PBXFileReference section */

/* Begin PBXFrameworksBuildPhase section */
		7EAA3E9F185978EB002DB255 /* Frameworks */ = {
			isa = PBXFrameworksBuildPhase;
			buildActionMask = 2147483647;
			files = (
				7EAA3EE418597ABE002DB255 /* MapKit.framework in Frameworks */,
				7EAA3EE218597AB1002DB255 /* CoreLocation.framework in Frameworks */,
				7EAA3EA8185978EB002DB255 /* CoreGraphics.framework in Frameworks */,
				7EAA3EAA185978EB002DB255 /* UIKit.framework in Frameworks */,
				7EAA3EA6185978EB002DB255 /* Foundation.framework in Frameworks */,
				7E7BA21D190762AC0014F06F /* FacebookSDK.framework in Frameworks */,
			);
			runOnlyForDeploymentPostprocessing = 0;
		};
		7EAA3EBA185978EB002DB255 /* Frameworks */ = {
			isa = PBXFrameworksBuildPhase;
			buildActionMask = 2147483647;
			files = (
				7EAA3EBF185978EB002DB255 /* XCTest.framework in Frameworks */,
				7EAA3EC1185978EB002DB255 /* UIKit.framework in Frameworks */,
				7EAA3EC0185978EB002DB255 /* Foundation.framework in Frameworks */,
			);
			runOnlyForDeploymentPostprocessing = 0;
		};
/* End PBXFrameworksBuildPhase section */

/* Begin PBXGroup section */
		7E6A3C7818C81B1A00BBCC7D /* images */ = {
			isa = PBXGroup;
			children = (
				7E6A3C7D18C81F6E00BBCC7D /* Checkmark.png */,
				7EAA3EE818597CCA002DB255 /* DJ.jpg */,
				7E563F3F185FFF1C009FDE8D /* location.png */,
				7E4CE7E01861083F0089E227 /* Maria.jpg */,
				7E4CE7E11861083F0089E227 /* Mckenzie.jpg */,
				7E4CE7E21861083F0089E227 /* Ben.jpg */,
				7E4CE7E31861083F0089E227 /* Fui.jpg */,
				7E4CE7DC186104470089E227 /* Justin.jpg */,
				7E4CE7DD186104470089E227 /* Yen.jpg */,
				7E563F3D185FD7AA009FDE8D /* icon-garage1.png */,
				7E563F37185FD689009FDE8D /* texture1.jpg */,
				7E442BE2185D5E2000C516EE /* lightGreyTexture.jpg */,
				7E442BE0185D543B00C516EE /* Driveway.jpg */,
				7EAA3F0C1859A0AC002DB255 /* House.png */,
				7E442BE6185D677500C516EE /* parq_logo_2.png */,
				7E442BE4185D64AB00C516EE /* parq_logo.png */,
			);
			name = images;
			sourceTree = "<group>";
		};
		7E6A3C7918C81B6500BBCC7D /* Reserve Spot */ = {
			isa = PBXGroup;
			children = (
				7EAA3F0E1859A3A2002DB255 /* ReserveSpotController.h */,
				7EAA3F0F1859A3A2002DB255 /* ReserveSpotController.m */,
				7EAA3F101859A3A3002DB255 /* ReserveSpotController.xib */,
				7E6A3C7318C81AFE00BBCC7D /* ReserveConfirmationPage.h */,
				7E6A3C7418C81AFE00BBCC7D /* ReserveConfirmationPage.m */,
				7E6A3C7518C81AFE00BBCC7D /* ReserveConfirmationPage.xib */,
			);
			name = "Reserve Spot";
			sourceTree = "<group>";
		};
		7E6A3C7A18C81BA000BBCC7D /* Main Screen */ = {
			isa = PBXGroup;
			children = (
				7EAA3EDB18597A50002DB255 /* MapViewController.h */,
				7EAA3EDC18597A50002DB255 /* MapViewController.m */,
				7EAA3EDD18597A50002DB255 /* MapViewController.xib */,
				7E42D4AA1866A308003376DB /* SearchViewControllerNew.h */,
				7E42D4AB1866A308003376DB /* SearchViewControllerNew.m */,
				7E42D4AC1866A308003376DB /* SearchViewControllerNew.xib */,
			);
			name = "Main Screen";
			sourceTree = "<group>";
		};
		7E6A3C7B18C81BF100BBCC7D /* Add Spot */ = {
			isa = PBXGroup;
			children = (
				7EAA3ED4185979D6002DB255 /* AddParkingSpotController.h */,
				7EAA3ED5185979D6002DB255 /* AddParkingSpotController.m */,
				7EAA3ED6185979D6002DB255 /* AddParkingSpotController.xib */,
			);
			name = "Add Spot";
			sourceTree = "<group>";
		};
		7E6A3C7C18C81C0600BBCC7D /* Map Pin */ = {
			isa = PBXGroup;
			children = (
				7EDB25C71905C3A6004868FC /* PQUser.h */,
				7EDB25C81905C3A6004868FC /* PQUser.m */,
				7EAA3ED918597A3E002DB255 /* MapPin.h */,
				7EAA3EDA18597A50002DB255 /* MapPin.m */,
			);
			name = "Map Pin";
			sourceTree = "<group>";
		};
		7EAA3E99185978EA002DB255 = {
			isa = PBXGroup;
			children = (
				7EAA3EAB185978EB002DB255 /* parqV1 */,
				7EAA3EC4185978EB002DB255 /* parqV1Tests */,
				7EAA3EA4185978EB002DB255 /* Frameworks */,
				7EAA3EA3185978EB002DB255 /* Products */,
			);
			sourceTree = "<group>";
		};
		7EAA3EA3185978EB002DB255 /* Products */ = {
			isa = PBXGroup;
			children = (
				7EAA3EA2185978EB002DB255 /* parqV1.app */,
				7EAA3EBD185978EB002DB255 /* parqV1Tests.xctest */,
			);
			name = Products;
			sourceTree = "<group>";
		};
		7EAA3EA4185978EB002DB255 /* Frameworks */ = {
			isa = PBXGroup;
			children = (
				7E7BA21C190762AC0014F06F /* FacebookSDK.framework */,
				7EAA3EE318597ABE002DB255 /* MapKit.framework */,
				7EAA3EE118597AB1002DB255 /* CoreLocation.framework */,
				7EAA3EA5185978EB002DB255 /* Foundation.framework */,
				7EAA3EA7185978EB002DB255 /* CoreGraphics.framework */,
				7EAA3EA9185978EB002DB255 /* UIKit.framework */,
				7EAA3EBE185978EB002DB255 /* XCTest.framework */,
			);
			name = Frameworks;
			sourceTree = "<group>";
		};
		7EAA3EAB185978EB002DB255 /* parqV1 */ = {
			isa = PBXGroup;
			children = (
				7E6A3C7818C81B1A00BBCC7D /* images */,
				7EAA3F0718599B6C002DB255 /* AppDelegate.h */,
				7EAA3F0818599B6C002DB255 /* AppDelegate.m */,
				7EDB25CF1905D40F004868FC /* Sign Up */,
				7E6A3C7A18C81BA000BBCC7D /* Main Screen */,
				7E6A3C7918C81B6500BBCC7D /* Reserve Spot */,
				7E6A3C7B18C81BF100BBCC7D /* Add Spot */,
				7E6A3C7C18C81C0600BBCC7D /* Map Pin */,
				7EAA3EB7185978EB002DB255 /* Images.xcassets */,
				7EAA3EAC185978EB002DB255 /* Supporting Files */,
			);
			path = parqV1;
			sourceTree = "<group>";
		};
		7EAA3EAC185978EB002DB255 /* Supporting Files */ = {
			isa = PBXGroup;
			children = (
				7EAA3EAD185978EB002DB255 /* parqV1-Info.plist */,
				7EAA3EAE185978EB002DB255 /* InfoPlist.strings */,
				7EAA3EB1185978EB002DB255 /* main.m */,
				7EAA3EB3185978EB002DB255 /* parqV1-Prefix.pch */,
			);
			name = "Supporting Files";
			sourceTree = "<group>";
		};
		7EAA3EC4185978EB002DB255 /* parqV1Tests */ = {
			isa = PBXGroup;
			children = (
				7EAA3ECA185978EB002DB255 /* parqV1Tests.m */,
				7EAA3EC5185978EB002DB255 /* Supporting Files */,
			);
			path = parqV1Tests;
			sourceTree = "<group>";
		};
		7EAA3EC5185978EB002DB255 /* Supporting Files */ = {
			isa = PBXGroup;
			children = (
				7EAA3EC6185978EB002DB255 /* parqV1Tests-Info.plist */,
				7EAA3EC7185978EB002DB255 /* InfoPlist.strings */,
			);
			name = "Supporting Files";
			sourceTree = "<group>";
		};
		7EDB25CF1905D40F004868FC /* Sign Up */ = {
			isa = PBXGroup;
			children = (
				7EDB25CA1905D3FE004868FC /* PQSignUpViewController.h */,
				7EDB25CB1905D3FE004868FC /* PQSignUpViewController.m */,
				7EDB25CC1905D3FE004868FC /* PQSignUpViewController.xib */,
			);
			name = "Sign Up";
			sourceTree = "<group>";
		};
/* End PBXGroup section */

/* Begin PBXNativeTarget section */
		7EAA3EA1185978EB002DB255 /* parqV1 */ = {
			isa = PBXNativeTarget;
			buildConfigurationList = 7EAA3ECE185978EB002DB255 /* Build configuration list for PBXNativeTarget "parqV1" */;
			buildPhases = (
				7EAA3E9E185978EB002DB255 /* Sources */,
				7EAA3E9F185978EB002DB255 /* Frameworks */,
				7EAA3EA0185978EB002DB255 /* Resources */,
			);
			buildRules = (
			);
			dependencies = (
			);
			name = parqV1;
			productName = parqV1;
			productReference = 7EAA3EA2185978EB002DB255 /* parqV1.app */;
			productType = "com.apple.product-type.application";
		};
		7EAA3EBC185978EB002DB255 /* parqV1Tests */ = {
			isa = PBXNativeTarget;
			buildConfigurationList = 7EAA3ED1185978EB002DB255 /* Build configuration list for PBXNativeTarget "parqV1Tests" */;
			buildPhases = (
				7EAA3EB9185978EB002DB255 /* Sources */,
				7EAA3EBA185978EB002DB255 /* Frameworks */,
				7EAA3EBB185978EB002DB255 /* Resources */,
			);
			buildRules = (
			);
			dependencies = (
				7EAA3EC3185978EB002DB255 /* PBXTargetDependency */,
			);
			name = parqV1Tests;
			productName = parqV1Tests;
			productReference = 7EAA3EBD185978EB002DB255 /* parqV1Tests.xctest */;
			productType = "com.apple.product-type.bundle.unit-test";
		};
/* End PBXNativeTarget section */

/* Begin PBXProject section */
		7EAA3E9A185978EA002DB255 /* Project object */ = {
			isa = PBXProject;
			attributes = {
				LastUpgradeCheck = 0500;
				ORGANIZATIONNAME = "Duncan Riefler";
				TargetAttributes = {
					7EAA3EA1185978EB002DB255 = {
						DevelopmentTeam = 4MZU8943NK;
					};
					7EAA3EBC185978EB002DB255 = {
						TestTargetID = 7EAA3EA1185978EB002DB255;
					};
				};
			};
			buildConfigurationList = 7EAA3E9D185978EA002DB255 /* Build configuration list for PBXProject "parqV1" */;
			compatibilityVersion = "Xcode 3.2";
			developmentRegion = English;
			hasScannedForEncodings = 0;
			knownRegions = (
				en,
			);
			mainGroup = 7EAA3E99185978EA002DB255;
			productRefGroup = 7EAA3EA3185978EB002DB255 /* Products */;
			projectDirPath = "";
			projectRoot = "";
			targets = (
				7EAA3EA1185978EB002DB255 /* parqV1 */,
				7EAA3EBC185978EB002DB255 /* parqV1Tests */,
			);
		};
/* End PBXProject section */

/* Begin PBXResourcesBuildPhase section */
		7EAA3EA0185978EB002DB255 /* Resources */ = {
			isa = PBXResourcesBuildPhase;
			buildActionMask = 2147483647;
			files = (
				7EAA3F121859A3A3002DB255 /* ReserveSpotController.xib in Resources */,
				7EDB25CE1905D3FE004868FC /* PQSignUpViewController.xib in Resources */,
				7E6A3C7E18C81F6E00BBCC7D /* Checkmark.png in Resources */,
				7E563F3E185FD7AA009FDE8D /* icon-garage1.png in Resources */,
				7E4CE7E71861083F0089E227 /* Fui.jpg in Resources */,
				7E4CE7DF186104470089E227 /* Yen.jpg in Resources */,
				7E4CE7E61861083F0089E227 /* Ben.jpg in Resources */,
				7EAA3EE918597CCA002DB255 /* DJ.jpg in Resources */,
				7EAA3ED8185979D6002DB255 /* AddParkingSpotController.xib in Resources */,
				7E563F40185FFF1C009FDE8D /* location.png in Resources */,
				7E42D4AE1866A308003376DB /* SearchViewControllerNew.xib in Resources */,
				7E442BE7185D677500C516EE /* parq_logo_2.png in Resources */,
				7E4CE7E51861083F0089E227 /* Mckenzie.jpg in Resources */,
				7EAA3EB0185978EB002DB255 /* InfoPlist.strings in Resources */,
				7EAA3EB8185978EB002DB255 /* Images.xcassets in Resources */,
				7E6A3C7718C81AFE00BBCC7D /* ReserveConfirmationPage.xib in Resources */,
				7E442BE1185D543B00C516EE /* Driveway.jpg in Resources */,
				7EAA3F0D1859A0AC002DB255 /* House.png in Resources */,
				7E442BE5185D64AB00C516EE /* parq_logo.png in Resources */,
				7EAA3EE018597A50002DB255 /* MapViewController.xib in Resources */,
				7E563F3A185FD689009FDE8D /* texture1.jpg in Resources */,
				7E4CE7E41861083F0089E227 /* Maria.jpg in Resources */,
				7E4CE7DE186104470089E227 /* Justin.jpg in Resources */,
				7E442BE3185D5E2000C516EE /* lightGreyTexture.jpg in Resources */,
			);
			runOnlyForDeploymentPostprocessing = 0;
		};
		7EAA3EBB185978EB002DB255 /* Resources */ = {
			isa = PBXResourcesBuildPhase;
			buildActionMask = 2147483647;
			files = (
				7EAA3EC9185978EB002DB255 /* InfoPlist.strings in Resources */,
			);
			runOnlyForDeploymentPostprocessing = 0;
		};
/* End PBXResourcesBuildPhase section */

/* Begin PBXSourcesBuildPhase section */
		7EAA3E9E185978EB002DB255 /* Sources */ = {
			isa = PBXSourcesBuildPhase;
			buildActionMask = 2147483647;
			files = (
				7E6A3C7618C81AFE00BBCC7D /* ReserveConfirmationPage.m in Sources */,
				7EAA3F111859A3A3002DB255 /* ReserveSpotController.m in Sources */,
				7EAA3EDE18597A50002DB255 /* MapPin.m in Sources */,
				7EAA3EDF18597A50002DB255 /* MapViewController.m in Sources */,
				7E42D4AD1866A308003376DB /* SearchViewControllerNew.m in Sources */,
				7EAA3ED7185979D6002DB255 /* AddParkingSpotController.m in Sources */,
				7EAA3EB2185978EB002DB255 /* main.m in Sources */,
				7EDB25C91905C3A6004868FC /* PQUser.m in Sources */,
				7EAA3F0918599B6C002DB255 /* AppDelegate.m in Sources */,
				7EDB25CD1905D3FE004868FC /* PQSignUpViewController.m in Sources */,
			);
			runOnlyForDeploymentPostprocessing = 0;
		};
		7EAA3EB9185978EB002DB255 /* Sources */ = {
			isa = PBXSourcesBuildPhase;
			buildActionMask = 2147483647;
			files = (
				7EAA3ECB185978EB002DB255 /* parqV1Tests.m in Sources */,
			);
			runOnlyForDeploymentPostprocessing = 0;
		};
/* End PBXSourcesBuildPhase section */

/* Begin PBXTargetDependency section */
		7EAA3EC3185978EB002DB255 /* PBXTargetDependency */ = {
			isa = PBXTargetDependency;
			target = 7EAA3EA1185978EB002DB255 /* parqV1 */;
			targetProxy = 7EAA3EC2185978EB002DB255 /* PBXContainerItemProxy */;
		};
/* End PBXTargetDependency section */

/* Begin PBXVariantGroup section */
		7EAA3EAE185978EB002DB255 /* InfoPlist.strings */ = {
			isa = PBXVariantGroup;
			children = (
				7EAA3EAF185978EB002DB255 /* en */,
			);
			name = InfoPlist.strings;
			sourceTree = "<group>";
		};
		7EAA3EC7185978EB002DB255 /* InfoPlist.strings */ = {
			isa = PBXVariantGroup;
			children = (
				7EAA3EC8185978EB002DB255 /* en */,
			);
			name = InfoPlist.strings;
			sourceTree = "<group>";
		};
/* End PBXVariantGroup section */

/* Begin XCBuildConfiguration section */
		7EAA3ECC185978EB002DB255 /* Debug */ = {
			isa = XCBuildConfiguration;
			buildSettings = {
				ALWAYS_SEARCH_USER_PATHS = NO;
				ARCHS = "$(ARCHS_STANDARD_INCLUDING_64_BIT)";
				CLANG_CXX_LANGUAGE_STANDARD = "gnu++0x";
				CLANG_CXX_LIBRARY = "libc++";
				CLANG_ENABLE_MODULES = YES;
				CLANG_ENABLE_OBJC_ARC = YES;
				CLANG_WARN_BOOL_CONVERSION = YES;
				CLANG_WARN_CONSTANT_CONVERSION = YES;
				CLANG_WARN_DIRECT_OBJC_ISA_USAGE = YES_ERROR;
				CLANG_WARN_EMPTY_BODY = YES;
				CLANG_WARN_ENUM_CONVERSION = YES;
				CLANG_WARN_INT_CONVERSION = YES;
				CLANG_WARN_OBJC_ROOT_CLASS = YES_ERROR;
				CLANG_WARN__DUPLICATE_METHOD_MATCH = YES;
				"CODE_SIGN_IDENTITY[sdk=iphoneos*]" = "iPhone Developer";
				COPY_PHASE_STRIP = NO;
				GCC_C_LANGUAGE_STANDARD = gnu99;
				GCC_DYNAMIC_NO_PIC = NO;
				GCC_OPTIMIZATION_LEVEL = 0;
				GCC_PREPROCESSOR_DEFINITIONS = (
					"DEBUG=1",
					"$(inherited)",
				);
				GCC_SYMBOLS_PRIVATE_EXTERN = NO;
				GCC_WARN_64_TO_32_BIT_CONVERSION = YES;
				GCC_WARN_ABOUT_RETURN_TYPE = YES_ERROR;
				GCC_WARN_UNDECLARED_SELECTOR = YES;
				GCC_WARN_UNINITIALIZED_AUTOS = YES;
				GCC_WARN_UNUSED_FUNCTION = YES;
				GCC_WARN_UNUSED_VARIABLE = YES;
				IPHONEOS_DEPLOYMENT_TARGET = 7.0;
				ONLY_ACTIVE_ARCH = YES;
				SDKROOT = iphoneos;
			};
			name = Debug;
		};
		7EAA3ECD185978EB002DB255 /* Release */ = {
			isa = XCBuildConfiguration;
			buildSettings = {
				ALWAYS_SEARCH_USER_PATHS = NO;
				ARCHS = "$(ARCHS_STANDARD_INCLUDING_64_BIT)";
				CLANG_CXX_LANGUAGE_STANDARD = "gnu++0x";
				CLANG_CXX_LIBRARY = "libc++";
				CLANG_ENABLE_MODULES = YES;
				CLANG_ENABLE_OBJC_ARC = YES;
				CLANG_WARN_BOOL_CONVERSION = YES;
				CLANG_WARN_CONSTANT_CONVERSION = YES;
				CLANG_WARN_DIRECT_OBJC_ISA_USAGE = YES_ERROR;
				CLANG_WARN_EMPTY_BODY = YES;
				CLANG_WARN_ENUM_CONVERSION = YES;
				CLANG_WARN_INT_CONVERSION = YES;
				CLANG_WARN_OBJC_ROOT_CLASS = YES_ERROR;
				CLANG_WARN__DUPLICATE_METHOD_MATCH = YES;
				"CODE_SIGN_IDENTITY[sdk=iphoneos*]" = "iPhone Developer";
				COPY_PHASE_STRIP = YES;
				ENABLE_NS_ASSERTIONS = NO;
				GCC_C_LANGUAGE_STANDARD = gnu99;
				GCC_WARN_64_TO_32_BIT_CONVERSION = YES;
				GCC_WARN_ABOUT_RETURN_TYPE = YES_ERROR;
				GCC_WARN_UNDECLARED_SELECTOR = YES;
				GCC_WARN_UNINITIALIZED_AUTOS = YES;
				GCC_WARN_UNUSED_FUNCTION = YES;
				GCC_WARN_UNUSED_VARIABLE = YES;
				IPHONEOS_DEPLOYMENT_TARGET = 7.0;
				SDKROOT = iphoneos;
				VALIDATE_PRODUCT = YES;
			};
			name = Release;
		};
		7EAA3ECF185978EB002DB255 /* Debug */ = {
			isa = XCBuildConfiguration;
			buildSettings = {
				ASSETCATALOG_COMPILER_APPICON_NAME = AppIcon;
				ASSETCATALOG_COMPILER_LAUNCHIMAGE_NAME = LaunchImage;
				CODE_SIGN_IDENTITY = "iPhone Developer";
				"CODE_SIGN_IDENTITY[sdk=iphoneos*]" = "iPhone Developer";
				FRAMEWORK_SEARCH_PATHS = (
					"$(inherited)",
					"$(PROJECT_DIR)",
				);
				GCC_PRECOMPILE_PREFIX_HEADER = YES;
				GCC_PREFIX_HEADER = "parqV1/parqV1-Prefix.pch";
				INFOPLIST_FILE = "parqV1/parqV1-Info.plist";
				IPHONEOS_DEPLOYMENT_TARGET = 7.0;
				PRODUCT_NAME = "$(TARGET_NAME)";
				PROVISIONING_PROFILE = "";
				TARGETED_DEVICE_FAMILY = 1;
				WRAPPER_EXTENSION = app;
			};
			name = Debug;
		};
		7EAA3ED0185978EB002DB255 /* Release */ = {
			isa = XCBuildConfiguration;
			buildSettings = {
				ASSETCATALOG_COMPILER_APPICON_NAME = AppIcon;
				ASSETCATALOG_COMPILER_LAUNCHIMAGE_NAME = LaunchImage;
				CODE_SIGN_IDENTITY = "iPhone Developer";
				"CODE_SIGN_IDENTITY[sdk=iphoneos*]" = "iPhone Developer";
				FRAMEWORK_SEARCH_PATHS = (
					"$(inherited)",
					"$(PROJECT_DIR)",
				);
				GCC_PRECOMPILE_PREFIX_HEADER = YES;
				GCC_PREFIX_HEADER = "parqV1/parqV1-Prefix.pch";
				INFOPLIST_FILE = "parqV1/parqV1-Info.plist";
				IPHONEOS_DEPLOYMENT_TARGET = 7.0;
				PRODUCT_NAME = "$(TARGET_NAME)";
				PROVISIONING_PROFILE = "";
				TARGETED_DEVICE_FAMILY = 1;
				WRAPPER_EXTENSION = app;
			};
			name = Release;
		};
		7EAA3ED2185978EB002DB255 /* Debug */ = {
			isa = XCBuildConfiguration;
			buildSettings = {
				ARCHS = "$(ARCHS_STANDARD_INCLUDING_64_BIT)";
				BUNDLE_LOADER = "$(BUILT_PRODUCTS_DIR)/parqV1.app/parqV1";
				FRAMEWORK_SEARCH_PATHS = (
					"$(SDKROOT)/Developer/Library/Frameworks",
					"$(inherited)",
					"$(DEVELOPER_FRAMEWORKS_DIR)",
				);
				GCC_PRECOMPILE_PREFIX_HEADER = YES;
				GCC_PREFIX_HEADER = "parqV1/parqV1-Prefix.pch";
				GCC_PREPROCESSOR_DEFINITIONS = (
					"DEBUG=1",
					"$(inherited)",
				);
				INFOPLIST_FILE = "parqV1Tests/parqV1Tests-Info.plist";
				PRODUCT_NAME = "$(TARGET_NAME)";
				TEST_HOST = "$(BUNDLE_LOADER)";
				WRAPPER_EXTENSION = xctest;
			};
			name = Debug;
		};
		7EAA3ED3185978EB002DB255 /* Release */ = {
			isa = XCBuildConfiguration;
			buildSettings = {
				ARCHS = "$(ARCHS_STANDARD_INCLUDING_64_BIT)";
				BUNDLE_LOADER = "$(BUILT_PRODUCTS_DIR)/parqV1.app/parqV1";
				FRAMEWORK_SEARCH_PATHS = (
					"$(SDKROOT)/Developer/Library/Frameworks",
					"$(inherited)",
					"$(DEVELOPER_FRAMEWORKS_DIR)",
				);
				GCC_PRECOMPILE_PREFIX_HEADER = YES;
				GCC_PREFIX_HEADER = "parqV1/parqV1-Prefix.pch";
				INFOPLIST_FILE = "parqV1Tests/parqV1Tests-Info.plist";
				PRODUCT_NAME = "$(TARGET_NAME)";
				TEST_HOST = "$(BUNDLE_LOADER)";
				WRAPPER_EXTENSION = xctest;
			};
			name = Release;
		};
/* End XCBuildConfiguration section */

/* Begin XCConfigurationList section */
		7EAA3E9D185978EA002DB255 /* Build configuration list for PBXProject "parqV1" */ = {
			isa = XCConfigurationList;
			buildConfigurations = (
				7EAA3ECC185978EB002DB255 /* Debug */,
				7EAA3ECD185978EB002DB255 /* Release */,
			);
			defaultConfigurationIsVisible = 0;
			defaultConfigurationName = Release;
		};
		7EAA3ECE185978EB002DB255 /* Build configuration list for PBXNativeTarget "parqV1" */ = {
			isa = XCConfigurationList;
			buildConfigurations = (
				7EAA3ECF185978EB002DB255 /* Debug */,
				7EAA3ED0185978EB002DB255 /* Release */,
			);
			defaultConfigurationIsVisible = 0;
			defaultConfigurationName = Release;
		};
		7EAA3ED1185978EB002DB255 /* Build configuration list for PBXNativeTarget "parqV1Tests" */ = {
			isa = XCConfigurationList;
			buildConfigurations = (
				7EAA3ED2185978EB002DB255 /* Debug */,
				7EAA3ED3185978EB002DB255 /* Release */,
			);
			defaultConfigurationIsVisible = 0;
			defaultConfigurationName = Release;
		};
/* End XCConfigurationList section */
	};
	rootObject = 7EAA3E9A185978EA002DB255 /* Project object */;
}
